
Microsoft Visual Studio Solution File, Format Version 12.00
# Visual Studio 15
VisualStudioVersion = 15.0.28010.0
MinimumVisualStudioVersion = 10.0.40219.1
Project("{9A19103F-16F7-4668-BE54-9A1E7A4F7556}") = "CAPCO.Game.BlackJack.UI", "CAPCO.Game.BlackJack.UI\CAPCO.Game.BlackJack.UI.csproj", "{8BEA3EA3-718C-4C31-B4BF-2511732D5BFE}"
EndProject
Project("{9A19103F-16F7-4668-BE54-9A1E7A4F7556}") = "CAPCO.Game.BackJack.Application", "CAPCO.Game.BackJack.App\CAPCO.Game.BackJack.App\CAPCO.Game.BackJack.Application.csproj", "{DDB9EFC3-526E-4B7A-B4DA-201EBFB83278}"
EndProject
Project("{9A19103F-16F7-4668-BE54-9A1E7A4F7556}") = "CAPCO.Game.BackJack.Domain", "CAPCO.Game.BackJack.Domain\CAPCO.Game.BackJack.Domain\CAPCO.Game.BackJack.Domain.csproj", "{26B7A9E9-A3B5-4A54-B0ED-1ECE7E22B221}"
EndProject
Project("{FAE04EC0-301F-11D3-BF4B-00C04F79EFBC}") = "CAPCO.Game.Configuration", "CAPCO.Game.Configuration\CAPCO.Game.Configuration\CAPCO.Game.Configuration.csproj", "{EB682D93-AE74-4A0D-BA14-BCE95D086E5E}"
EndProject
Project("{FAE04EC0-301F-11D3-BF4B-00C04F79EFBC}") = "CAPCO.Game.UnitTests", "UnitTestProject1\CAPCO.Game.UnitTests.csproj", "{4F69AD59-2C1E-4E58-9E52-B48FFD94CBBC}"
EndProject
Project("{FAE04EC0-301F-11D3-BF4B-00C04F79EFBC}") = "CAPCO.Game.BackJack.Infra", "CAPCO.Game.BackJack.Infra\CAPCO.Game.BackJack.Infra\CAPCO.Game.BackJack.Infra.csproj", "{7149B024-E721-44CB-90B6-6CC37A08912A}"
EndProject
Global
	GlobalSection(SolutionConfigurationPlatforms) = preSolution
		Debug|Any CPU = Debug|Any CPU
		Release|Any CPU = Release|Any CPU
	EndGlobalSection
	GlobalSection(ProjectConfigurationPlatforms) = postSolution
		{8BEA3EA3-718C-4C31-B4BF-2511732D5BFE}.Debug|Any CPU.ActiveCfg = Debug|Any CPU
		{8BEA3EA3-718C-4C31-B4BF-2511732D5BFE}.Debug|Any CPU.Build.0 = Debug|Any CPU
		{8BEA3EA3-718C-4C31-B4BF-2511732D5BFE}.Release|Any CPU.ActiveCfg = Release|Any CPU
		{8BEA3EA3-718C-4C31-B4BF-2511732D5BFE}.Release|Any CPU.Build.0 = Release|Any CPU
		{DDB9EFC3-526E-4B7A-B4DA-201EBFB83278}.Debug|Any CPU.ActiveCfg = Debug|Any CPU
		{DDB9EFC3-526E-4B7A-B4DA-201EBFB83278}.Debug|Any CPU.Build.0 = Debug|Any CPU
		{DDB9EFC3-526E-4B7A-B4DA-201EBFB83278}.Release|Any CPU.ActiveCfg = Release|Any CPU
		{DDB9EFC3-526E-4B7A-B4DA-201EBFB83278}.Release|Any CPU.Build.0 = Release|Any CPU
		{26B7A9E9-A3B5-4A54-B0ED-1ECE7E22B221}.Debug|Any CPU.ActiveCfg = Debug|Any CPU
		{26B7A9E9-A3B5-4A54-B0ED-1ECE7E22B221}.Debug|Any CPU.Build.0 = Debug|Any CPU
		{26B7A9E9-A3B5-4A54-B0ED-1ECE7E22B221}.Release|Any CPU.ActiveCfg = Release|Any CPU
		{26B7A9E9-A3B5-4A54-B0ED-1ECE7E22B221}.Release|Any CPU.Build.0 = Release|Any CPU
		{EB682D93-AE74-4A0D-BA14-BCE95D086E5E}.Debug|Any CPU.ActiveCfg = Debug|Any CPU
		{EB682D93-AE74-4A0D-BA14-BCE95D086E5E}.Debug|Any CPU.Build.0 = Debug|Any CPU
		{EB682D93-AE74-4A0D-BA14-BCE95D086E5E}.Release|Any CPU.ActiveCfg = Release|Any CPU
		{EB682D93-AE74-4A0D-BA14-BCE95D086E5E}.Release|Any CPU.Build.0 = Release|Any CPU
		{4F69AD59-2C1E-4E58-9E52-B48FFD94CBBC}.Debug|Any CPU.ActiveCfg = Debug|Any CPU
		{4F69AD59-2C1E-4E58-9E52-B48FFD94CBBC}.Debug|Any CPU.Build.0 = Debug|Any CPU
		{4F69AD59-2C1E-4E58-9E52-B48FFD94CBBC}.Release|Any CPU.ActiveCfg = Release|Any CPU
		{4F69AD59-2C1E-4E58-9E52-B48FFD94CBBC}.Release|Any CPU.Build.0 = Release|Any CPU
		{7149B024-E721-44CB-90B6-6CC37A08912A}.Debug|Any CPU.ActiveCfg = Debug|Any CPU
		{7149B024-E721-44CB-90B6-6CC37A08912A}.Debug|Any CPU.Build.0 = Debug|Any CPU
		{7149B024-E721-44CB-90B6-6CC37A08912A}.Release|Any CPU.ActiveCfg = Release|Any CPU
		{7149B024-E721-44CB-90B6-6CC37A08912A}.Release|Any CPU.Build.0 = Release|Any CPU
	EndGlobalSection
	GlobalSection(SolutionProperties) = preSolution
		HideSolutionNode = FALSE
	EndGlobalSection
	GlobalSection(ExtensibilityGlobals) = postSolution
		SolutionGuid = {A9ADAB86-9EE0-4D96-BCA1-3AE07ABDAB95}
	EndGlobalSection
EndGlobal
